{
  "name": "stream-processor-example",
  "version": "1.0.0",
  "lockfileVersion": 3,
  "requires": true,
  "packages": {
    "": {
      "name": "stream-processor-example",
      "version": "1.0.0",
      "license": "MIT",
      "dependencies": {
        "stream-processor-lib": "file:../lib"
      }
    },
    "../lib": {
      "name": "stream-processor-lib",
      "version": "1.0.0",
      "license": "MIT"
    },
    "node_modules/stream-processor-lib": {
      "resolved": "../lib",
      "link": true
    }
  }
}
